
Microsoft Visual Studio Solution File, Format Version 12.00
# Visual Studio 14
VisualStudioVersion = 14.0.25123.0
MinimumVisualStudioVersion = 10.0.40219.1
Project("{FAE04EC0-301F-11D3-BF4B-00C04F79EFBC}") = "Sistemas_de_Ventas", "Sistemas_de_Ventas\Sistemas_de_Ventas.csproj", "{DC38885E-B9FC-4F8C-8469-6B09158D9291}"
EndProject
Project("{FAE04EC0-301F-11D3-BF4B-00C04F79EFBC}") = "ClasesSistemaVentas", "ClasesSistemaVentas\ClasesSistemaVentas.csproj", "{FC228FA5-3256-4343-89E1-BF3E75714662}"
EndProject
Project("{54435603-DBB4-11D2-8724-00A0C9A8B90C}") = "InstaladorPunto_Venta", "InstaladorPunto_Venta\InstaladorPunto_Venta.vdproj", "{84372350-4526-47EF-B717-5392C660EA8F}"
EndProject
Global
	GlobalSection(SolutionConfigurationPlatforms) = preSolution
		Debug|Any CPU = Debug|Any CPU
		Release|Any CPU = Release|Any CPU
	EndGlobalSection
	GlobalSection(ProjectConfigurationPlatforms) = postSolution
		{DC38885E-B9FC-4F8C-8469-6B09158D9291}.Debug|Any CPU.ActiveCfg = Debug|Any CPU
		{DC38885E-B9FC-4F8C-8469-6B09158D9291}.Debug|Any CPU.Build.0 = Debug|Any CPU
		{DC38885E-B9FC-4F8C-8469-6B09158D9291}.Release|Any CPU.ActiveCfg = Release|Any CPU
		{DC38885E-B9FC-4F8C-8469-6B09158D9291}.Release|Any CPU.Build.0 = Release|Any CPU
		{FC228FA5-3256-4343-89E1-BF3E75714662}.Debug|Any CPU.ActiveCfg = Debug|Any CPU
		{FC228FA5-3256-4343-89E1-BF3E75714662}.Debug|Any CPU.Build.0 = Debug|Any CPU
		{FC228FA5-3256-4343-89E1-BF3E75714662}.Release|Any CPU.ActiveCfg = Release|Any CPU
		{FC228FA5-3256-4343-89E1-BF3E75714662}.Release|Any CPU.Build.0 = Release|Any CPU
		{84372350-4526-47EF-B717-5392C660EA8F}.Debug|Any CPU.ActiveCfg = Debug
		{84372350-4526-47EF-B717-5392C660EA8F}.Release|Any CPU.ActiveCfg = Release
	EndGlobalSection
	GlobalSection(SolutionProperties) = preSolution
		HideSolutionNode = FALSE
	EndGlobalSection
EndGlobal
